<?xml version="1.0" encoding="utf-8"?>
<Project ToolsVersion="4.0" xmlns="http://schemas.microsoft.com/developer/msbuild/2003">
  <ItemGroup>
    <Filter Include="Source Files">
      <UniqueIdentifier>{4FC737F1-C7A5-4376-A066-2A32D752A2FF}</UniqueIdentifier>
      <Extensions>cpp;c;cc;cxx;def;odl;idl;hpj;bat;asm;asmx</Extensions>
    </Filter>
    <Filter Include="Header Files">
      <UniqueIdentifier>{93995380-89BD-4b04-88EB-625FBE52EBFB}</UniqueIdentifier>
      <Extensions>h;hh;hpp;hxx;hm;inl;inc;ipp;xsd</Extensions>
    </Filter>
    <Filter Include="Resource Files">
      <UniqueIdentifier>{67DA6AB6-F800-4c08-8B7A-83BB121AAD01}</UniqueIdentifier>
      <Extensions>rc;ico;cur;bmp;dlg;rc2;rct;bin;rgs;gif;jpg;jpeg;jpe;resx;tiff;tif;png;wav;mfcribbon-ms</Extensions>
    </Filter>
    <Filter Include="Header Files\misc">
      <UniqueIdentifier>{57303b01-14d4-4f32-8f03-7e16ea1b609d}</UniqueIdentifier>
    </Filter>
    <Filter Include="Header Files\misc\ImGui">
      <UniqueIdentifier>{19f1aacd-1858-4dfd-ba31-03be06e8adf6}</UniqueIdentifier>
    </Filter>
    <Filter Include="Source Files\misc">
      <UniqueIdentifier>{2a3902c7-a694-48e5-bbd9-452bb72a25b4}</UniqueIdentifier>
    </Filter>
    <Filter Include="Source Files\misc\ImGui">
      <UniqueIdentifier>{2fa67a2b-6959-4a8e-86ce-80dce2c09a52}</UniqueIdentifier>
    </Filter>
    <Filter Include="Resource Files\Shaders">
      <UniqueIdentifier>{66ec89d7-3b0c-42cc-8e03-61ee54452934}</UniqueIdentifier>
    </Filter>
  </ItemGroup>
  <ItemGroup>
    <ClCompile Include="src\main.cpp">
      <Filter>Source Files</Filter>
    </ClCompile>
    <ClCompile Include="src\misc\ImGui\imgui.cpp">
      <Filter>Source Files\misc\ImGui</Filter>
    </ClCompile>
    <ClCompile Include="src\misc\ImGui\imgui_draw.cpp">
      <Filter>Source Files\misc\ImGui</Filter>
    </ClCompile>
    <ClCompile Include="src\misc\ImGui\imgui_impl_glfw.cpp">
      <Filter>Source Files\misc\ImGui</Filter>
    </ClCompile>
    <ClCompile Include="src\misc\ImGui\imgui_impl_opengl3.cpp">
      <Filter>Source Files\misc\ImGui</Filter>
    </ClCompile>
    <ClCompile Include="src\misc\ImGui\imgui_widgets.cpp">
      <Filter>Source Files\misc\ImGui</Filter>
    </ClCompile>
    <ClCompile Include="src\Shader.cpp">
      <Filter>Source Files</Filter>
    </ClCompile>
    <ClCompile Include="src\ShaderManager.cpp">
      <Filter>Source Files</Filter>
    </ClCompile>
    <ClCompile Include="src\ShaderProgram.cpp">
      <Filter>Source Files</Filter>
    </ClCompile>
    <ClCompile Include="src\AssetManager.cpp">
      <Filter>Source Files</Filter>
    </ClCompile>
    <ClCompile Include="src\Model.cpp">
      <Filter>Source Files</Filter>
    </ClCompile>
    <ClCompile Include="src\ModelInstance.cpp">
      <Filter>Source Files</Filter>
    </ClCompile>
    <ClCompile Include="src\SceneManager.cpp">
      <Filter>Source Files</Filter>
    </ClCompile>
    <ClCompile Include="src\Mesh.cpp">
      <Filter>Source Files</Filter>
    </ClCompile>
    <ClCompile Include="src\Viewport.cpp">
      <Filter>Source Files</Filter>
    </ClCompile>
    <ClCompile Include="src\Transform.cpp">
      <Filter>Source Files</Filter>
    </ClCompile>
    <ClCompile Include="src\debug.cpp">
      <Filter>Source Files</Filter>
    </ClCompile>
    <ClCompile Include="src\Light.cpp">
      <Filter>Source Files</Filter>
    </ClCompile>
  </ItemGroup>
  <ItemGroup>
    <ClInclude Include="src\misc\defs.h">
      <Filter>Header Files\misc</Filter>
    </ClInclude>
    <ClInclude Include="src\misc\enum.h">
      <Filter>Header Files\misc</Filter>
    </ClInclude>
    <ClInclude Include="src\misc\ImGui\imgui_internal.h">
      <Filter>Header Files\misc\ImGui</Filter>
    </ClInclude>
    <ClInclude Include="src\misc\ImGui\imstb_rectpack.h">
      <Filter>Header Files\misc\ImGui</Filter>
    </ClInclude>
    <ClInclude Include="src\misc\ImGui\imstb_textedit.h">
      <Filter>Header Files\misc\ImGui</Filter>
    </ClInclude>
    <ClInclude Include="src\misc\ImGui\imstb_truetype.h">
      <Filter>Header Files\misc\ImGui</Filter>
    </ClInclude>
    <ClInclude Include="src\misc\ImGui\imconfig.h">
      <Filter>Header Files\misc\ImGui</Filter>
    </ClInclude>
    <ClInclude Include="src\misc\ImGui\imgui.h">
      <Filter>Header Files\misc\ImGui</Filter>
    </ClInclude>
    <ClInclude Include="src\misc\ImGui\imgui_impl_glfw.h">
      <Filter>Header Files\misc\ImGui</Filter>
    </ClInclude>
    <ClInclude Include="src\misc\ImGui\imgui_impl_opengl3.h">
      <Filter>Header Files\misc\ImGui</Filter>
    </ClInclude>
    <ClInclude Include="src\lop_Model.h">
      <Filter>Header Files</Filter>
    </ClInclude>
    <ClInclude Include="src\lop_mesh.h">
      <Filter>Header Files</Filter>
    </ClInclude>
    <ClInclude Include="src\lop_shader.h">
      <Filter>Header Files</Filter>
    </ClInclude>
    <ClInclude Include="src\misc\stb_image.h">
      <Filter>Header Files\misc</Filter>
    </ClInclude>
    <ClInclude Include="src\Shader.h">
      <Filter>Header Files</Filter>
    </ClInclude>
    <ClInclude Include="src\ShaderManager.h">
      <Filter>Header Files</Filter>
    </ClInclude>
    <ClInclude Include="src\ShaderProgram.h">
      <Filter>Header Files</Filter>
    </ClInclude>
    <ClInclude Include="src\AssetManager.h">
      <Filter>Header Files</Filter>
    </ClInclude>
    <ClInclude Include="src\Model.h">
      <Filter>Header Files</Filter>
    </ClInclude>
    <ClInclude Include="src\ModelInstance.h">
      <Filter>Header Files</Filter>
    </ClInclude>
    <ClInclude Include="src\SceneManager.h">
      <Filter>Header Files</Filter>
    </ClInclude>
    <ClInclude Include="src\Config.h">
      <Filter>Header Files</Filter>
    </ClInclude>
    <ClInclude Include="src\Mesh.h">
      <Filter>Header Files</Filter>
    </ClInclude>
    <ClInclude Include="src\Viewport.h">
      <Filter>Header Files</Filter>
    </ClInclude>
    <ClInclude Include="src\Transform.h">
      <Filter>Header Files</Filter>
    </ClInclude>
    <ClInclude Include="src\debug.h">
      <Filter>Header Files</Filter>
    </ClInclude>
    <ClInclude Include="src\Light.h">
      <Filter>Header Files</Filter>
    </ClInclude>
  </ItemGroup>
  <ItemGroup>
    <None Include="dat\shaders\fraSha.frag">
      <Filter>Resource Files\Shaders</Filter>
    </None>
    <None Include="dat\shaders\vertSha.vert">
      <Filter>Resource Files\Shaders</Filter>
    </None>
    <None Include="dat\shaders\g_buffer.frag">
      <Filter>Resource Files\Shaders</Filter>
    </None>
    <None Include="dat\shaders\g_buffer.vert">
      <Filter>Resource Files\Shaders</Filter>
    </None>
  </ItemGroup>
</Project>